
Microsoft Visual Studio Solution File, Format Version 12.00
# Visual Studio Version 16
VisualStudioVersion = 16.0.29001.49
MinimumVisualStudioVersion = 10.0.40219.1
Project("{FAE04EC0-301F-11D3-BF4B-00C04F79EFBC}") = "Framework.Core", "Framework.Core\Framework.Core.csproj", "{D3AEEBCE-E31F-42C8-ABC4-7E214DB29209}"
EndProject
Project("{FAE04EC0-301F-11D3-BF4B-00C04F79EFBC}") = "Application.DataAccess", "Application.DataAccess\Application.DataAccess.csproj", "{FD1AA225-5948-457E-8347-336407E5841E}"
EndProject
Project("{FAE04EC0-301F-11D3-BF4B-00C04F79EFBC}") = "Application.JobServices", "Application.JobServices\Application.JobServices.csproj", "{6492235B-E3CA-4BA9-8106-9730B6EDD4E5}"
EndProject
Project("{FAE04EC0-301F-11D3-BF4B-00C04F79EFBC}") = "Application.Common.ValueObjects", "Application.Common.ValueObjects\Application.Common.ValueObjects.csproj", "{02103FE9-7DE8-42E3-ABC8-2B693D8A97D6}"
EndProject
Project("{FAE04EC0-301F-11D3-BF4B-00C04F79EFBC}") = "Application.BusinessLogic", "Application.BusinessLogic\Application.BusinessLogic.csproj", "{DD1331CF-3F02-4895-83C2-9CE1757DF82B}"
EndProject
Project("{FAE04EC0-301F-11D3-BF4B-00C04F79EFBC}") = "_TesterConsoleApp", "_TesterConsoleApp\_TesterConsoleApp.csproj", "{E5CF6C26-6CF0-443E-89DD-E3D4B725655B}"
EndProject
Project("{FAE04EC0-301F-11D3-BF4B-00C04F79EFBC}") = "Application.Database", "Application.Database\Application.Database.csproj", "{9E1D35DF-5E81-47E9-95C8-4BE8385DBD70}"
EndProject
Global
	GlobalSection(SolutionConfigurationPlatforms) = preSolution
		Debug|Any CPU = Debug|Any CPU
		Release|Any CPU = Release|Any CPU
	EndGlobalSection
	GlobalSection(ProjectConfigurationPlatforms) = postSolution
		{D3AEEBCE-E31F-42C8-ABC4-7E214DB29209}.Debug|Any CPU.ActiveCfg = Debug|Any CPU
		{D3AEEBCE-E31F-42C8-ABC4-7E214DB29209}.Debug|Any CPU.Build.0 = Debug|Any CPU
		{D3AEEBCE-E31F-42C8-ABC4-7E214DB29209}.Release|Any CPU.ActiveCfg = Release|Any CPU
		{D3AEEBCE-E31F-42C8-ABC4-7E214DB29209}.Release|Any CPU.Build.0 = Release|Any CPU
		{FD1AA225-5948-457E-8347-336407E5841E}.Debug|Any CPU.ActiveCfg = Debug|Any CPU
		{FD1AA225-5948-457E-8347-336407E5841E}.Debug|Any CPU.Build.0 = Debug|Any CPU
		{FD1AA225-5948-457E-8347-336407E5841E}.Release|Any CPU.ActiveCfg = Release|Any CPU
		{FD1AA225-5948-457E-8347-336407E5841E}.Release|Any CPU.Build.0 = Release|Any CPU
		{6492235B-E3CA-4BA9-8106-9730B6EDD4E5}.Debug|Any CPU.ActiveCfg = Debug|Any CPU
		{6492235B-E3CA-4BA9-8106-9730B6EDD4E5}.Debug|Any CPU.Build.0 = Debug|Any CPU
		{6492235B-E3CA-4BA9-8106-9730B6EDD4E5}.Release|Any CPU.ActiveCfg = Release|Any CPU
		{6492235B-E3CA-4BA9-8106-9730B6EDD4E5}.Release|Any CPU.Build.0 = Release|Any CPU
		{02103FE9-7DE8-42E3-ABC8-2B693D8A97D6}.Debug|Any CPU.ActiveCfg = Debug|Any CPU
		{02103FE9-7DE8-42E3-ABC8-2B693D8A97D6}.Debug|Any CPU.Build.0 = Debug|Any CPU
		{02103FE9-7DE8-42E3-ABC8-2B693D8A97D6}.Release|Any CPU.ActiveCfg = Release|Any CPU
		{02103FE9-7DE8-42E3-ABC8-2B693D8A97D6}.Release|Any CPU.Build.0 = Release|Any CPU
		{DD1331CF-3F02-4895-83C2-9CE1757DF82B}.Debug|Any CPU.ActiveCfg = Debug|Any CPU
		{DD1331CF-3F02-4895-83C2-9CE1757DF82B}.Debug|Any CPU.Build.0 = Debug|Any CPU
		{DD1331CF-3F02-4895-83C2-9CE1757DF82B}.Release|Any CPU.ActiveCfg = Release|Any CPU
		{DD1331CF-3F02-4895-83C2-9CE1757DF82B}.Release|Any CPU.Build.0 = Release|Any CPU
		{E5CF6C26-6CF0-443E-89DD-E3D4B725655B}.Debug|Any CPU.ActiveCfg = Debug|Any CPU
		{E5CF6C26-6CF0-443E-89DD-E3D4B725655B}.Debug|Any CPU.Build.0 = Debug|Any CPU
		{E5CF6C26-6CF0-443E-89DD-E3D4B725655B}.Release|Any CPU.ActiveCfg = Release|Any CPU
		{E5CF6C26-6CF0-443E-89DD-E3D4B725655B}.Release|Any CPU.Build.0 = Release|Any CPU
		{9E1D35DF-5E81-47E9-95C8-4BE8385DBD70}.Debug|Any CPU.ActiveCfg = Debug|Any CPU
		{9E1D35DF-5E81-47E9-95C8-4BE8385DBD70}.Debug|Any CPU.Build.0 = Debug|Any CPU
		{9E1D35DF-5E81-47E9-95C8-4BE8385DBD70}.Release|Any CPU.ActiveCfg = Release|Any CPU
		{9E1D35DF-5E81-47E9-95C8-4BE8385DBD70}.Release|Any CPU.Build.0 = Release|Any CPU
	EndGlobalSection
	GlobalSection(SolutionProperties) = preSolution
		HideSolutionNode = FALSE
	EndGlobalSection
	GlobalSection(ExtensibilityGlobals) = postSolution
		SolutionGuid = {BB466BD9-D04E-41FF-BC18-18D3A046087E}
	EndGlobalSection
EndGlobal
